// !$*UTF8*$!
{
	archiveVersion = 1;
	classes = {
	};
	objectVersion = 56;
	objects = {

/* Begin PBXBuildFile section */
		0582C7A31F6CFE3C55E1AAB3 /* Pods_lotus.framework in Frameworks */ = {isa = PBXBuildFile; fileRef = 6DDD37FA5F8A6D3D4602CFF1 /* Pods_lotus.framework */; };
		16385EB79338BA59524FDDE9 /* Pods_lotusTests.framework in Frameworks */ = {isa = PBXBuildFile; fileRef = 2CB5AEB74E336504F86F8F54 /* Pods_lotusTests.framework */; };
		6C4E13E849987B8EA05C6D91 /* Pods_lotus_lotusUITests.framework in Frameworks */ = {isa = PBXBuildFile; fileRef = 168683BA25B634805182026C /* Pods_lotus_lotusUITests.framework */; };
		7036E8AE29E88EC800F00D3C /* lotusApp.swift in Sources */ = {isa = PBXBuildFile; fileRef = 7036E8AD29E88EC800F00D3C /* lotusApp.swift */; };
		7036E8B029E88EC800F00D3C /* ContentView.swift in Sources */ = {isa = PBXBuildFile; fileRef = 7036E8AF29E88EC800F00D3C /* ContentView.swift */; };
		7036E8B229E88EC900F00D3C /* Assets.xcassets in Resources */ = {isa = PBXBuildFile; fileRef = 7036E8B129E88EC900F00D3C /* Assets.xcassets */; };
		7036E8B529E88EC900F00D3C /* Preview Assets.xcassets in Resources */ = {isa = PBXBuildFile; fileRef = 7036E8B429E88EC900F00D3C /* Preview Assets.xcassets */; };
		7036E8BF29E88EC900F00D3C /* lotusTests.swift in Sources */ = {isa = PBXBuildFile; fileRef = 7036E8BE29E88EC900F00D3C /* lotusTests.swift */; };
		7036E8C929E88ECA00F00D3C /* lotusUITests.swift in Sources */ = {isa = PBXBuildFile; fileRef = 7036E8C829E88ECA00F00D3C /* lotusUITests.swift */; };
		7036E8CB29E88ECA00F00D3C /* lotusUITestsLaunchTests.swift in Sources */ = {isa = PBXBuildFile; fileRef = 7036E8CA29E88ECA00F00D3C /* lotusUITestsLaunchTests.swift */; };
		7036E8D829E890BA00F00D3C /* HomePage.swift in Sources */ = {isa = PBXBuildFile; fileRef = 7036E8D729E890BA00F00D3C /* HomePage.swift */; };
		7036E8DA29E890CF00F00D3C /* LoginPage.swift in Sources */ = {isa = PBXBuildFile; fileRef = 7036E8D929E890CF00F00D3C /* LoginPage.swift */; };
		7036E8DE29E890F600F00D3C /* CreateProfile.swift in Sources */ = {isa = PBXBuildFile; fileRef = 7036E8DD29E890F600F00D3C /* CreateProfile.swift */; };
		7036E8E029E8912300F00D3C /* UserNetworking.swift in Sources */ = {isa = PBXBuildFile; fileRef = 7036E8DF29E8912300F00D3C /* UserNetworking.swift */; };
		7036E8E229E8EDB000F00D3C /* CreateAccount.swift in Sources */ = {isa = PBXBuildFile; fileRef = 7036E8E129E8EDB000F00D3C /* CreateAccount.swift */; };
		7036E8E429E8EDFC00F00D3C /* DBChecker.swift in Sources */ = {isa = PBXBuildFile; fileRef = 7036E8E329E8EDFC00F00D3C /* DBChecker.swift */; };
		7036E92029EEE7AF00F00D3C /* UserInfoNetworking.swift in Sources */ = {isa = PBXBuildFile; fileRef = 7036E91F29EEE7AF00F00D3C /* UserInfoNetworking.swift */; };
		7090296329F1CF6300BD335E /* GroupNetworking.swift in Sources */ = {isa = PBXBuildFile; fileRef = 7090296229F1CF6300BD335E /* GroupNetworking.swift */; };
		7090296529F4B4C300BD335E /* GroupInfo.swift in Sources */ = {isa = PBXBuildFile; fileRef = 7090296429F4B4C300BD335E /* GroupInfo.swift */; };
		70EFA00229F86A7500DB3F0C /* PostNetworking.swift in Sources */ = {isa = PBXBuildFile; fileRef = 70EFA00129F86A7500DB3F0C /* PostNetworking.swift */; };
/* End PBXBuildFile section */

/* Begin PBXContainerItemProxy section */
		7036E8BB29E88EC900F00D3C /* PBXContainerItemProxy */ = {
			isa = PBXContainerItemProxy;
			containerPortal = 7036E8A229E88EC800F00D3C /* Project object */;
			proxyType = 1;
			remoteGlobalIDString = 7036E8A929E88EC800F00D3C;
			remoteInfo = lotus;
		};
		7036E8C529E88EC900F00D3C /* PBXContainerItemProxy */ = {
			isa = PBXContainerItemProxy;
			containerPortal = 7036E8A229E88EC800F00D3C /* Project object */;
			proxyType = 1;
			remoteGlobalIDString = 7036E8A929E88EC800F00D3C;
			remoteInfo = lotus;
		};
/* End PBXContainerItemProxy section */

/* Begin PBXFileReference section */
		050F87C55CDBEB5ED290DF35 /* Pods-lotusTests.debug.xcconfig */ = {isa = PBXFileReference; includeInIndex = 1; lastKnownFileType = text.xcconfig; name = "Pods-lotusTests.debug.xcconfig"; path = "Target Support Files/Pods-lotusTests/Pods-lotusTests.debug.xcconfig"; sourceTree = "<group>"; };
		0C70E175DD309035C7F279E6 /* Pods-lotus.debug.xcconfig */ = {isa = PBXFileReference; includeInIndex = 1; lastKnownFileType = text.xcconfig; name = "Pods-lotus.debug.xcconfig"; path = "Target Support Files/Pods-lotus/Pods-lotus.debug.xcconfig"; sourceTree = "<group>"; };
		168683BA25B634805182026C /* Pods_lotus_lotusUITests.framework */ = {isa = PBXFileReference; explicitFileType = wrapper.framework; includeInIndex = 0; path = Pods_lotus_lotusUITests.framework; sourceTree = BUILT_PRODUCTS_DIR; };
		1AF9FE92C9884215346D7AAB /* Pods-lotusTests.release.xcconfig */ = {isa = PBXFileReference; includeInIndex = 1; lastKnownFileType = text.xcconfig; name = "Pods-lotusTests.release.xcconfig"; path = "Target Support Files/Pods-lotusTests/Pods-lotusTests.release.xcconfig"; sourceTree = "<group>"; };
		2A8A7C7CCEAAC5CF259D33FD /* Pods-lotus.release.xcconfig */ = {isa = PBXFileReference; includeInIndex = 1; lastKnownFileType = text.xcconfig; name = "Pods-lotus.release.xcconfig"; path = "Target Support Files/Pods-lotus/Pods-lotus.release.xcconfig"; sourceTree = "<group>"; };
		2CB5AEB74E336504F86F8F54 /* Pods_lotusTests.framework */ = {isa = PBXFileReference; explicitFileType = wrapper.framework; includeInIndex = 0; path = Pods_lotusTests.framework; sourceTree = BUILT_PRODUCTS_DIR; };
		44E66C24D6F09B47D5D1E590 /* Pods-lotus-lotusUITests.release.xcconfig */ = {isa = PBXFileReference; includeInIndex = 1; lastKnownFileType = text.xcconfig; name = "Pods-lotus-lotusUITests.release.xcconfig"; path = "Target Support Files/Pods-lotus-lotusUITests/Pods-lotus-lotusUITests.release.xcconfig"; sourceTree = "<group>"; };
		6DDD37FA5F8A6D3D4602CFF1 /* Pods_lotus.framework */ = {isa = PBXFileReference; explicitFileType = wrapper.framework; includeInIndex = 0; path = Pods_lotus.framework; sourceTree = BUILT_PRODUCTS_DIR; };
		6F34ED06D89A8DD0E969FEAA /* Pods-lotus-lotusUITests.debug.xcconfig */ = {isa = PBXFileReference; includeInIndex = 1; lastKnownFileType = text.xcconfig; name = "Pods-lotus-lotusUITests.debug.xcconfig"; path = "Target Support Files/Pods-lotus-lotusUITests/Pods-lotus-lotusUITests.debug.xcconfig"; sourceTree = "<group>"; };
		7036E8AA29E88EC800F00D3C /* lotus.app */ = {isa = PBXFileReference; explicitFileType = wrapper.application; includeInIndex = 0; path = lotus.app; sourceTree = BUILT_PRODUCTS_DIR; };
		7036E8AD29E88EC800F00D3C /* lotusApp.swift */ = {isa = PBXFileReference; lastKnownFileType = sourcecode.swift; path = lotusApp.swift; sourceTree = "<group>"; };
		7036E8AF29E88EC800F00D3C /* ContentView.swift */ = {isa = PBXFileReference; lastKnownFileType = sourcecode.swift; path = ContentView.swift; sourceTree = "<group>"; };
		7036E8B129E88EC900F00D3C /* Assets.xcassets */ = {isa = PBXFileReference; lastKnownFileType = folder.assetcatalog; path = Assets.xcassets; sourceTree = "<group>"; };
		7036E8B429E88EC900F00D3C /* Preview Assets.xcassets */ = {isa = PBXFileReference; lastKnownFileType = folder.assetcatalog; path = "Preview Assets.xcassets"; sourceTree = "<group>"; };
		7036E8BA29E88EC900F00D3C /* lotusTests.xctest */ = {isa = PBXFileReference; explicitFileType = wrapper.cfbundle; includeInIndex = 0; path = lotusTests.xctest; sourceTree = BUILT_PRODUCTS_DIR; };
		7036E8BE29E88EC900F00D3C /* lotusTests.swift */ = {isa = PBXFileReference; lastKnownFileType = sourcecode.swift; path = lotusTests.swift; sourceTree = "<group>"; };
		7036E8C429E88EC900F00D3C /* lotusUITests.xctest */ = {isa = PBXFileReference; explicitFileType = wrapper.cfbundle; includeInIndex = 0; path = lotusUITests.xctest; sourceTree = BUILT_PRODUCTS_DIR; };
		7036E8C829E88ECA00F00D3C /* lotusUITests.swift */ = {isa = PBXFileReference; lastKnownFileType = sourcecode.swift; path = lotusUITests.swift; sourceTree = "<group>"; };
		7036E8CA29E88ECA00F00D3C /* lotusUITestsLaunchTests.swift */ = {isa = PBXFileReference; lastKnownFileType = sourcecode.swift; path = lotusUITestsLaunchTests.swift; sourceTree = "<group>"; };
		7036E8D729E890BA00F00D3C /* HomePage.swift */ = {isa = PBXFileReference; lastKnownFileType = sourcecode.swift; path = HomePage.swift; sourceTree = "<group>"; };
		7036E8D929E890CF00F00D3C /* LoginPage.swift */ = {isa = PBXFileReference; lastKnownFileType = sourcecode.swift; path = LoginPage.swift; sourceTree = "<group>"; };
		7036E8DD29E890F600F00D3C /* CreateProfile.swift */ = {isa = PBXFileReference; lastKnownFileType = sourcecode.swift; path = CreateProfile.swift; sourceTree = "<group>"; };
		7036E8DF29E8912300F00D3C /* UserNetworking.swift */ = {isa = PBXFileReference; lastKnownFileType = sourcecode.swift; path = UserNetworking.swift; sourceTree = "<group>"; };
		7036E8E129E8EDB000F00D3C /* CreateAccount.swift */ = {isa = PBXFileReference; lastKnownFileType = sourcecode.swift; path = CreateAccount.swift; sourceTree = "<group>"; };
		7036E8E329E8EDFC00F00D3C /* DBChecker.swift */ = {isa = PBXFileReference; lastKnownFileType = sourcecode.swift; path = DBChecker.swift; sourceTree = "<group>"; };
		7036E91F29EEE7AF00F00D3C /* UserInfoNetworking.swift */ = {isa = PBXFileReference; lastKnownFileType = sourcecode.swift; path = UserInfoNetworking.swift; sourceTree = "<group>"; };
		7090296229F1CF6300BD335E /* GroupNetworking.swift */ = {isa = PBXFileReference; lastKnownFileType = sourcecode.swift; path = GroupNetworking.swift; sourceTree = "<group>"; };
		7090296429F4B4C300BD335E /* GroupInfo.swift */ = {isa = PBXFileReference; lastKnownFileType = sourcecode.swift; path = GroupInfo.swift; sourceTree = "<group>"; };
		70EFA00129F86A7500DB3F0C /* PostNetworking.swift */ = {isa = PBXFileReference; lastKnownFileType = sourcecode.swift; path = PostNetworking.swift; sourceTree = "<group>"; };
/* End PBXFileReference section */

/* Begin PBXFrameworksBuildPhase section */
		7036E8A729E88EC800F00D3C /* Frameworks */ = {
			isa = PBXFrameworksBuildPhase;
			buildActionMask = 2147483647;
			files = (
				0582C7A31F6CFE3C55E1AAB3 /* Pods_lotus.framework in Frameworks */,
			);
			runOnlyForDeploymentPostprocessing = 0;
		};
		7036E8B729E88EC900F00D3C /* Frameworks */ = {
			isa = PBXFrameworksBuildPhase;
			buildActionMask = 2147483647;
			files = (
				16385EB79338BA59524FDDE9 /* Pods_lotusTests.framework in Frameworks */,
			);
			runOnlyForDeploymentPostprocessing = 0;
		};
		7036E8C129E88EC900F00D3C /* Frameworks */ = {
			isa = PBXFrameworksBuildPhase;
			buildActionMask = 2147483647;
			files = (
				6C4E13E849987B8EA05C6D91 /* Pods_lotus_lotusUITests.framework in Frameworks */,
			);
			runOnlyForDeploymentPostprocessing = 0;
		};
/* End PBXFrameworksBuildPhase section */

/* Begin PBXGroup section */
		215AEB7C8E8B5AF164A9FC94 /* Pods */ = {
			isa = PBXGroup;
			children = (
				0C70E175DD309035C7F279E6 /* Pods-lotus.debug.xcconfig */,
				2A8A7C7CCEAAC5CF259D33FD /* Pods-lotus.release.xcconfig */,
				6F34ED06D89A8DD0E969FEAA /* Pods-lotus-lotusUITests.debug.xcconfig */,
				44E66C24D6F09B47D5D1E590 /* Pods-lotus-lotusUITests.release.xcconfig */,
				050F87C55CDBEB5ED290DF35 /* Pods-lotusTests.debug.xcconfig */,
				1AF9FE92C9884215346D7AAB /* Pods-lotusTests.release.xcconfig */,
			);
			path = Pods;
			sourceTree = "<group>";
		};
		7036E8A129E88EC800F00D3C = {
			isa = PBXGroup;
			children = (
				7036E8AC29E88EC800F00D3C /* lotus */,
				7036E8BD29E88EC900F00D3C /* lotusTests */,
				7036E8C729E88EC900F00D3C /* lotusUITests */,
				7036E8AB29E88EC800F00D3C /* Products */,
				215AEB7C8E8B5AF164A9FC94 /* Pods */,
				BC41413614A97EA6BE098998 /* Frameworks */,
			);
			sourceTree = "<group>";
		};
		7036E8AB29E88EC800F00D3C /* Products */ = {
			isa = PBXGroup;
			children = (
				7036E8AA29E88EC800F00D3C /* lotus.app */,
				7036E8BA29E88EC900F00D3C /* lotusTests.xctest */,
				7036E8C429E88EC900F00D3C /* lotusUITests.xctest */,
			);
			name = Products;
			sourceTree = "<group>";
		};
		7036E8AC29E88EC800F00D3C /* lotus */ = {
			isa = PBXGroup;
			children = (
				7036E8AD29E88EC800F00D3C /* lotusApp.swift */,
				7036E8AF29E88EC800F00D3C /* ContentView.swift */,
				7036E8B129E88EC900F00D3C /* Assets.xcassets */,
				7036E8B329E88EC900F00D3C /* Preview Content */,
				7036E8D729E890BA00F00D3C /* HomePage.swift */,
				7036E8D929E890CF00F00D3C /* LoginPage.swift */,
				7036E8DD29E890F600F00D3C /* CreateProfile.swift */,
				7036E8DF29E8912300F00D3C /* UserNetworking.swift */,
				7036E8E129E8EDB000F00D3C /* CreateAccount.swift */,
				7036E8E329E8EDFC00F00D3C /* DBChecker.swift */,
				7036E91F29EEE7AF00F00D3C /* UserInfoNetworking.swift */,
				7090296229F1CF6300BD335E /* GroupNetworking.swift */,
				70EFA00129F86A7500DB3F0C /* PostNetworking.swift */,
				7090296429F4B4C300BD335E /* GroupInfo.swift */,
			);
			path = lotus;
			sourceTree = "<group>";
		};
		7036E8B329E88EC900F00D3C /* Preview Content */ = {
			isa = PBXGroup;
			children = (
				7036E8B429E88EC900F00D3C /* Preview Assets.xcassets */,
			);
			path = "Preview Content";
			sourceTree = "<group>";
		};
		7036E8BD29E88EC900F00D3C /* lotusTests */ = {
			isa = PBXGroup;
			children = (
				7036E8BE29E88EC900F00D3C /* lotusTests.swift */,
			);
			path = lotusTests;
			sourceTree = "<group>";
		};
		7036E8C729E88EC900F00D3C /* lotusUITests */ = {
			isa = PBXGroup;
			children = (
				7036E8C829E88ECA00F00D3C /* lotusUITests.swift */,
				7036E8CA29E88ECA00F00D3C /* lotusUITestsLaunchTests.swift */,
			);
			path = lotusUITests;
			sourceTree = "<group>";
		};
		BC41413614A97EA6BE098998 /* Frameworks */ = {
			isa = PBXGroup;
			children = (
				6DDD37FA5F8A6D3D4602CFF1 /* Pods_lotus.framework */,
				168683BA25B634805182026C /* Pods_lotus_lotusUITests.framework */,
				2CB5AEB74E336504F86F8F54 /* Pods_lotusTests.framework */,
			);
			name = Frameworks;
			sourceTree = "<group>";
		};
/* End PBXGroup section */

/* Begin PBXNativeTarget section */
		7036E8A929E88EC800F00D3C /* lotus */ = {
			isa = PBXNativeTarget;
			buildConfigurationList = 7036E8CE29E88ECA00F00D3C /* Build configuration list for PBXNativeTarget "lotus" */;
			buildPhases = (
				5EEC4EFF80915DF85B1CF1F0 /* [CP] Check Pods Manifest.lock */,
				7036E8A629E88EC800F00D3C /* Sources */,
				7036E8A729E88EC800F00D3C /* Frameworks */,
				7036E8A829E88EC800F00D3C /* Resources */,
				D76EEBFB011821313D8365EC /* [CP] Embed Pods Frameworks */,
			);
			buildRules = (
			);
			dependencies = (
			);
			name = lotus;
			productName = lotus;
			productReference = 7036E8AA29E88EC800F00D3C /* lotus.app */;
			productType = "com.apple.product-type.application";
		};
		7036E8B929E88EC900F00D3C /* lotusTests */ = {
			isa = PBXNativeTarget;
			buildConfigurationList = 7036E8D129E88ECA00F00D3C /* Build configuration list for PBXNativeTarget "lotusTests" */;
			buildPhases = (
				B72BEA578D2EFF36D4B04D14 /* [CP] Check Pods Manifest.lock */,
				7036E8B629E88EC900F00D3C /* Sources */,
				7036E8B729E88EC900F00D3C /* Frameworks */,
				7036E8B829E88EC900F00D3C /* Resources */,
			);
			buildRules = (
			);
			dependencies = (
				7036E8BC29E88EC900F00D3C /* PBXTargetDependency */,
			);
			name = lotusTests;
			productName = lotusTests;
			productReference = 7036E8BA29E88EC900F00D3C /* lotusTests.xctest */;
			productType = "com.apple.product-type.bundle.unit-test";
		};
		7036E8C329E88EC900F00D3C /* lotusUITests */ = {
			isa = PBXNativeTarget;
			buildConfigurationList = 7036E8D429E88ECA00F00D3C /* Build configuration list for PBXNativeTarget "lotusUITests" */;
			buildPhases = (
				1021158B1FDB05FADB18EBAE /* [CP] Check Pods Manifest.lock */,
				7036E8C029E88EC900F00D3C /* Sources */,
				7036E8C129E88EC900F00D3C /* Frameworks */,
				7036E8C229E88EC900F00D3C /* Resources */,
				9BC74D1401585DFDD1E92A79 /* [CP] Embed Pods Frameworks */,
			);
			buildRules = (
			);
			dependencies = (
				7036E8C629E88EC900F00D3C /* PBXTargetDependency */,
			);
			name = lotusUITests;
			productName = lotusUITests;
			productReference = 7036E8C429E88EC900F00D3C /* lotusUITests.xctest */;
			productType = "com.apple.product-type.bundle.ui-testing";
		};
/* End PBXNativeTarget section */

/* Begin PBXProject section */
		7036E8A229E88EC800F00D3C /* Project object */ = {
			isa = PBXProject;
			attributes = {
				BuildIndependentTargetsInParallel = 1;
				LastSwiftUpdateCheck = 1420;
				LastUpgradeCheck = 1420;
				TargetAttributes = {
					7036E8A929E88EC800F00D3C = {
						CreatedOnToolsVersion = 14.2;
					};
					7036E8B929E88EC900F00D3C = {
						CreatedOnToolsVersion = 14.2;
						TestTargetID = 7036E8A929E88EC800F00D3C;
					};
					7036E8C329E88EC900F00D3C = {
						CreatedOnToolsVersion = 14.2;
						TestTargetID = 7036E8A929E88EC800F00D3C;
					};
				};
			};
			buildConfigurationList = 7036E8A529E88EC800F00D3C /* Build configuration list for PBXProject "lotus" */;
			compatibilityVersion = "Xcode 14.0";
			developmentRegion = en;
			hasScannedForEncodings = 0;
			knownRegions = (
				en,
				Base,
			);
			mainGroup = 7036E8A129E88EC800F00D3C;
			productRefGroup = 7036E8AB29E88EC800F00D3C /* Products */;
			projectDirPath = "";
			projectRoot = "";
			targets = (
				7036E8A929E88EC800F00D3C /* lotus */,
				7036E8B929E88EC900F00D3C /* lotusTests */,
				7036E8C329E88EC900F00D3C /* lotusUITests */,
			);
		};
/* End PBXProject section */

/* Begin PBXResourcesBuildPhase section */
		7036E8A829E88EC800F00D3C /* Resources */ = {
			isa = PBXResourcesBuildPhase;
			buildActionMask = 2147483647;
			files = (
				7036E8B529E88EC900F00D3C /* Preview Assets.xcassets in Resources */,
				7036E8B229E88EC900F00D3C /* Assets.xcassets in Resources */,
			);
			runOnlyForDeploymentPostprocessing = 0;
		};
		7036E8B829E88EC900F00D3C /* Resources */ = {
			isa = PBXResourcesBuildPhase;
			buildActionMask = 2147483647;
			files = (
			);
			runOnlyForDeploymentPostprocessing = 0;
		};
		7036E8C229E88EC900F00D3C /* Resources */ = {
			isa = PBXResourcesBuildPhase;
			buildActionMask = 2147483647;
			files = (
			);
			runOnlyForDeploymentPostprocessing = 0;
		};
/* End PBXResourcesBuildPhase section */

/* Begin PBXShellScriptBuildPhase section */
		1021158B1FDB05FADB18EBAE /* [CP] Check Pods Manifest.lock */ = {
			isa = PBXShellScriptBuildPhase;
			buildActionMask = 2147483647;
			files = (
			);
			inputFileListPaths = (
			);
			inputPaths = (
				"${PODS_PODFILE_DIR_PATH}/Podfile.lock",
				"${PODS_ROOT}/Manifest.lock",
			);
			name = "[CP] Check Pods Manifest.lock";
			outputFileListPaths = (
			);
			outputPaths = (
				"$(DERIVED_FILE_DIR)/Pods-lotus-lotusUITests-checkManifestLockResult.txt",
			);
			runOnlyForDeploymentPostprocessing = 0;
			shellPath = /bin/sh;
			shellScript = "diff \"${PODS_PODFILE_DIR_PATH}/Podfile.lock\" \"${PODS_ROOT}/Manifest.lock\" > /dev/null\nif [ $? != 0 ] ; then\n    # print error to STDERR\n    echo \"error: The sandbox is not in sync with the Podfile.lock. Run 'pod install' or update your CocoaPods installation.\" >&2\n    exit 1\nfi\n# This output is used by Xcode 'outputs' to avoid re-running this script phase.\necho \"SUCCESS\" > \"${SCRIPT_OUTPUT_FILE_0}\"\n";
			showEnvVarsInLog = 0;
		};
		5EEC4EFF80915DF85B1CF1F0 /* [CP] Check Pods Manifest.lock */ = {
			isa = PBXShellScriptBuildPhase;
			buildActionMask = 2147483647;
			files = (
			);
			inputFileListPaths = (
			);
			inputPaths = (
				"${PODS_PODFILE_DIR_PATH}/Podfile.lock",
				"${PODS_ROOT}/Manifest.lock",
			);
			name = "[CP] Check Pods Manifest.lock";
			outputFileListPaths = (
			);
			outputPaths = (
				"$(DERIVED_FILE_DIR)/Pods-lotus-checkManifestLockResult.txt",
			);
			runOnlyForDeploymentPostprocessing = 0;
			shellPath = /bin/sh;
			shellScript = "diff \"${PODS_PODFILE_DIR_PATH}/Podfile.lock\" \"${PODS_ROOT}/Manifest.lock\" > /dev/null\nif [ $? != 0 ] ; then\n    # print error to STDERR\n    echo \"error: The sandbox is not in sync with the Podfile.lock. Run 'pod install' or update your CocoaPods installation.\" >&2\n    exit 1\nfi\n# This output is used by Xcode 'outputs' to avoid re-running this script phase.\necho \"SUCCESS\" > \"${SCRIPT_OUTPUT_FILE_0}\"\n";
			showEnvVarsInLog = 0;
		};
		9BC74D1401585DFDD1E92A79 /* [CP] Embed Pods Frameworks */ = {
			isa = PBXShellScriptBuildPhase;
			buildActionMask = 2147483647;
			files = (
			);
			inputFileListPaths = (
				"${PODS_ROOT}/Target Support Files/Pods-lotus-lotusUITests/Pods-lotus-lotusUITests-frameworks-${CONFIGURATION}-input-files.xcfilelist",
			);
			name = "[CP] Embed Pods Frameworks";
			outputFileListPaths = (
				"${PODS_ROOT}/Target Support Files/Pods-lotus-lotusUITests/Pods-lotus-lotusUITests-frameworks-${CONFIGURATION}-output-files.xcfilelist",
			);
			runOnlyForDeploymentPostprocessing = 0;
			shellPath = /bin/sh;
			shellScript = "\"${PODS_ROOT}/Target Support Files/Pods-lotus-lotusUITests/Pods-lotus-lotusUITests-frameworks.sh\"\n";
			showEnvVarsInLog = 0;
		};
		B72BEA578D2EFF36D4B04D14 /* [CP] Check Pods Manifest.lock */ = {
			isa = PBXShellScriptBuildPhase;
			buildActionMask = 2147483647;
			files = (
			);
			inputFileListPaths = (
			);
			inputPaths = (
				"${PODS_PODFILE_DIR_PATH}/Podfile.lock",
				"${PODS_ROOT}/Manifest.lock",
			);
			name = "[CP] Check Pods Manifest.lock";
			outputFileListPaths = (
			);
			outputPaths = (
				"$(DERIVED_FILE_DIR)/Pods-lotusTests-checkManifestLockResult.txt",
			);
			runOnlyForDeploymentPostprocessing = 0;
			shellPath = /bin/sh;
			shellScript = "diff \"${PODS_PODFILE_DIR_PATH}/Podfile.lock\" \"${PODS_ROOT}/Manifest.lock\" > /dev/null\nif [ $? != 0 ] ; then\n    # print error to STDERR\n    echo \"error: The sandbox is not in sync with the Podfile.lock. Run 'pod install' or update your CocoaPods installation.\" >&2\n    exit 1\nfi\n# This output is used by Xcode 'outputs' to avoid re-running this script phase.\necho \"SUCCESS\" > \"${SCRIPT_OUTPUT_FILE_0}\"\n";
			showEnvVarsInLog = 0;
		};
		D76EEBFB011821313D8365EC /* [CP] Embed Pods Frameworks */ = {
			isa = PBXShellScriptBuildPhase;
			buildActionMask = 2147483647;
			files = (
			);
			inputFileListPaths = (
				"${PODS_ROOT}/Target Support Files/Pods-lotus/Pods-lotus-frameworks-${CONFIGURATION}-input-files.xcfilelist",
			);
			name = "[CP] Embed Pods Frameworks";
			outputFileListPaths = (
				"${PODS_ROOT}/Target Support Files/Pods-lotus/Pods-lotus-frameworks-${CONFIGURATION}-output-files.xcfilelist",
			);
			runOnlyForDeploymentPostprocessing = 0;
			shellPath = /bin/sh;
			shellScript = "\"${PODS_ROOT}/Target Support Files/Pods-lotus/Pods-lotus-frameworks.sh\"\n";
			showEnvVarsInLog = 0;
		};
/* End PBXShellScriptBuildPhase section */

/* Begin PBXSourcesBuildPhase section */
		7036E8A629E88EC800F00D3C /* Sources */ = {
			isa = PBXSourcesBuildPhase;
			buildActionMask = 2147483647;
			files = (
				7090296529F4B4C300BD335E /* GroupInfo.swift in Sources */,
				7036E8E029E8912300F00D3C /* UserNetworking.swift in Sources */,
				7036E8E429E8EDFC00F00D3C /* DBChecker.swift in Sources */,
				7036E92029EEE7AF00F00D3C /* UserInfoNetworking.swift in Sources */,
				7036E8DA29E890CF00F00D3C /* LoginPage.swift in Sources */,
				7036E8B029E88EC800F00D3C /* ContentView.swift in Sources */,
				7090296329F1CF6300BD335E /* GroupNetworking.swift in Sources */,
				7036E8D829E890BA00F00D3C /* HomePage.swift in Sources */,
				7036E8AE29E88EC800F00D3C /* lotusApp.swift in Sources */,
				70EFA00229F86A7500DB3F0C /* PostNetworking.swift in Sources */,
				7036E8DE29E890F600F00D3C /* CreateProfile.swift in Sources */,
				7036E8E229E8EDB000F00D3C /* CreateAccount.swift in Sources */,
			);
			runOnlyForDeploymentPostprocessing = 0;
		};
		7036E8B629E88EC900F00D3C /* Sources */ = {
			isa = PBXSourcesBuildPhase;
			buildActionMask = 2147483647;
			files = (
				7036E8BF29E88EC900F00D3C /* lotusTests.swift in Sources */,
			);
			runOnlyForDeploymentPostprocessing = 0;
		};
		7036E8C029E88EC900F00D3C /* Sources */ = {
			isa = PBXSourcesBuildPhase;
			buildActionMask = 2147483647;
			files = (
				7036E8CB29E88ECA00F00D3C /* lotusUITestsLaunchTests.swift in Sources */,
				7036E8C929E88ECA00F00D3C /* lotusUITests.swift in Sources */,
			);
			runOnlyForDeploymentPostprocessing = 0;
		};
/* End PBXSourcesBuildPhase section */

/* Begin PBXTargetDependency section */
		7036E8BC29E88EC900F00D3C /* PBXTargetDependency */ = {
			isa = PBXTargetDependency;
			target = 7036E8A929E88EC800F00D3C /* lotus */;
			targetProxy = 7036E8BB29E88EC900F00D3C /* PBXContainerItemProxy */;
		};
		7036E8C629E88EC900F00D3C /* PBXTargetDependency */ = {
			isa = PBXTargetDependency;
			target = 7036E8A929E88EC800F00D3C /* lotus */;
			targetProxy = 7036E8C529E88EC900F00D3C /* PBXContainerItemProxy */;
		};
/* End PBXTargetDependency section */

/* Begin XCBuildConfiguration section */
		7036E8CC29E88ECA00F00D3C /* Debug */ = {
			isa = XCBuildConfiguration;
			buildSettings = {
				ALWAYS_SEARCH_USER_PATHS = NO;
				CLANG_ANALYZER_NONNULL = YES;
				CLANG_ANALYZER_NUMBER_OBJECT_CONVERSION = YES_AGGRESSIVE;
				CLANG_CXX_LANGUAGE_STANDARD = "gnu++20";
				CLANG_ENABLE_MODULES = YES;
				CLANG_ENABLE_OBJC_ARC = YES;
				CLANG_ENABLE_OBJC_WEAK = YES;
				CLANG_WARN_BLOCK_CAPTURE_AUTORELEASING = YES;
				CLANG_WARN_BOOL_CONVERSION = YES;
				CLANG_WARN_COMMA = YES;
				CLANG_WARN_CONSTANT_CONVERSION = YES;
				CLANG_WARN_DEPRECATED_OBJC_IMPLEMENTATIONS = YES;
				CLANG_WARN_DIRECT_OBJC_ISA_USAGE = YES_ERROR;
				CLANG_WARN_DOCUMENTATION_COMMENTS = YES;
				CLANG_WARN_EMPTY_BODY = YES;
				CLANG_WARN_ENUM_CONVERSION = YES;
				CLANG_WARN_INFINITE_RECURSION = YES;
				CLANG_WARN_INT_CONVERSION = YES;
				CLANG_WARN_NON_LITERAL_NULL_CONVERSION = YES;
				CLANG_WARN_OBJC_IMPLICIT_RETAIN_SELF = YES;
				CLANG_WARN_OBJC_LITERAL_CONVERSION = YES;
				CLANG_WARN_OBJC_ROOT_CLASS = YES_ERROR;
				CLANG_WARN_QUOTED_INCLUDE_IN_FRAMEWORK_HEADER = YES;
				CLANG_WARN_RANGE_LOOP_ANALYSIS = YES;
				CLANG_WARN_STRICT_PROTOTYPES = YES;
				CLANG_WARN_SUSPICIOUS_MOVE = YES;
				CLANG_WARN_UNGUARDED_AVAILABILITY = YES_AGGRESSIVE;
				CLANG_WARN_UNREACHABLE_CODE = YES;
				CLANG_WARN__DUPLICATE_METHOD_MATCH = YES;
				COPY_PHASE_STRIP = NO;
				DEBUG_INFORMATION_FORMAT = dwarf;
				ENABLE_STRICT_OBJC_MSGSEND = YES;
				ENABLE_TESTABILITY = YES;
				GCC_C_LANGUAGE_STANDARD = gnu11;
				GCC_DYNAMIC_NO_PIC = NO;
				GCC_NO_COMMON_BLOCKS = YES;
				GCC_OPTIMIZATION_LEVEL = 0;
				GCC_PREPROCESSOR_DEFINITIONS = (
					"DEBUG=1",
					"$(inherited)",
				);
				GCC_WARN_64_TO_32_BIT_CONVERSION = YES;
				GCC_WARN_ABOUT_RETURN_TYPE = YES_ERROR;
				GCC_WARN_UNDECLARED_SELECTOR = YES;
				GCC_WARN_UNINITIALIZED_AUTOS = YES_AGGRESSIVE;
				GCC_WARN_UNUSED_FUNCTION = YES;
				GCC_WARN_UNUSED_VARIABLE = YES;
				IPHONEOS_DEPLOYMENT_TARGET = 16.2;
				MTL_ENABLE_DEBUG_INFO = INCLUDE_SOURCE;
				MTL_FAST_MATH = YES;
				ONLY_ACTIVE_ARCH = YES;
				SDKROOT = iphoneos;
				SWIFT_ACTIVE_COMPILATION_CONDITIONS = DEBUG;
				SWIFT_OPTIMIZATION_LEVEL = "-Onone";
			};
			name = Debug;
		};
		7036E8CD29E88ECA00F00D3C /* Release */ = {
			isa = XCBuildConfiguration;
			buildSettings = {
				ALWAYS_SEARCH_USER_PATHS = NO;
				CLANG_ANALYZER_NONNULL = YES;
				CLANG_ANALYZER_NUMBER_OBJECT_CONVERSION = YES_AGGRESSIVE;
				CLANG_CXX_LANGUAGE_STANDARD = "gnu++20";
				CLANG_ENABLE_MODULES = YES;
				CLANG_ENABLE_OBJC_ARC = YES;
				CLANG_ENABLE_OBJC_WEAK = YES;
				CLANG_WARN_BLOCK_CAPTURE_AUTORELEASING = YES;
				CLANG_WARN_BOOL_CONVERSION = YES;
				CLANG_WARN_COMMA = YES;
				CLANG_WARN_CONSTANT_CONVERSION = YES;
				CLANG_WARN_DEPRECATED_OBJC_IMPLEMENTATIONS = YES;
				CLANG_WARN_DIRECT_OBJC_ISA_USAGE = YES_ERROR;
				CLANG_WARN_DOCUMENTATION_COMMENTS = YES;
				CLANG_WARN_EMPTY_BODY = YES;
				CLANG_WARN_ENUM_CONVERSION = YES;
				CLANG_WARN_INFINITE_RECURSION = YES;
				CLANG_WARN_INT_CONVERSION = YES;
				CLANG_WARN_NON_LITERAL_NULL_CONVERSION = YES;
				CLANG_WARN_OBJC_IMPLICIT_RETAIN_SELF = YES;
				CLANG_WARN_OBJC_LITERAL_CONVERSION = YES;
				CLANG_WARN_OBJC_ROOT_CLASS = YES_ERROR;
				CLANG_WARN_QUOTED_INCLUDE_IN_FRAMEWORK_HEADER = YES;
				CLANG_WARN_RANGE_LOOP_ANALYSIS = YES;
				CLANG_WARN_STRICT_PROTOTYPES = YES;
				CLANG_WARN_SUSPICIOUS_MOVE = YES;
				CLANG_WARN_UNGUARDED_AVAILABILITY = YES_AGGRESSIVE;
				CLANG_WARN_UNREACHABLE_CODE = YES;
				CLANG_WARN__DUPLICATE_METHOD_MATCH = YES;
				COPY_PHASE_STRIP = NO;
				DEBUG_INFORMATION_FORMAT = "dwarf-with-dsym";
				ENABLE_NS_ASSERTIONS = NO;
				ENABLE_STRICT_OBJC_MSGSEND = YES;
				GCC_C_LANGUAGE_STANDARD = gnu11;
				GCC_NO_COMMON_BLOCKS = YES;
				GCC_WARN_64_TO_32_BIT_CONVERSION = YES;
				GCC_WARN_ABOUT_RETURN_TYPE = YES_ERROR;
				GCC_WARN_UNDECLARED_SELECTOR = YES;
				GCC_WARN_UNINITIALIZED_AUTOS = YES_AGGRESSIVE;
				GCC_WARN_UNUSED_FUNCTION = YES;
				GCC_WARN_UNUSED_VARIABLE = YES;
				IPHONEOS_DEPLOYMENT_TARGET = 16.2;
				MTL_ENABLE_DEBUG_INFO = NO;
				MTL_FAST_MATH = YES;
				SDKROOT = iphoneos;
				SWIFT_COMPILATION_MODE = wholemodule;
				SWIFT_OPTIMIZATION_LEVEL = "-O";
				VALIDATE_PRODUCT = YES;
			};
			name = Release;
		};
		7036E8CF29E88ECA00F00D3C /* Debug */ = {
			isa = XCBuildConfiguration;
			baseConfigurationReference = 0C70E175DD309035C7F279E6 /* Pods-lotus.debug.xcconfig */;
			buildSettings = {
				ASSETCATALOG_COMPILER_APPICON_NAME = AppIcon;
				ASSETCATALOG_COMPILER_GLOBAL_ACCENT_COLOR_NAME = AccentColor;
				CODE_SIGN_STYLE = Automatic;
				CURRENT_PROJECT_VERSION = 1;
				DEVELOPMENT_ASSET_PATHS = "\"lotus/Preview Content\"";
				ENABLE_PREVIEWS = YES;
				GENERATE_INFOPLIST_FILE = YES;
				INFOPLIST_KEY_UIApplicationSceneManifest_Generation = YES;
				INFOPLIST_KEY_UIApplicationSupportsIndirectInputEvents = YES;
				INFOPLIST_KEY_UILaunchScreen_Generation = YES;
				INFOPLIST_KEY_UISupportedInterfaceOrientations_iPad = "UIInterfaceOrientationPortrait UIInterfaceOrientationPortraitUpsideDown UIInterfaceOrientationLandscapeLeft UIInterfaceOrientationLandscapeRight";
				INFOPLIST_KEY_UISupportedInterfaceOrientations_iPhone = "UIInterfaceOrientationPortrait UIInterfaceOrientationLandscapeLeft UIInterfaceOrientationLandscapeRight";
				LD_RUNPATH_SEARCH_PATHS = (
					"$(inherited)",
					"@executable_path/Frameworks",
				);
				MARKETING_VERSION = 1.0;
				PRODUCT_BUNDLE_IDENTIFIER = lotus.lotus;
				PRODUCT_NAME = "$(TARGET_NAME)";
				SWIFT_EMIT_LOC_STRINGS = YES;
				SWIFT_VERSION = 5.0;
				TARGETED_DEVICE_FAMILY = "1,2";
			};
			name = Debug;
		};
		7036E8D029E88ECA00F00D3C /* Release */ = {
			isa = XCBuildConfiguration;
			baseConfigurationReference = 2A8A7C7CCEAAC5CF259D33FD /* Pods-lotus.release.xcconfig */;
			buildSettings = {
				ASSETCATALOG_COMPILER_APPICON_NAME = AppIcon;
				ASSETCATALOG_COMPILER_GLOBAL_ACCENT_COLOR_NAME = AccentColor;
				CODE_SIGN_STYLE = Automatic;
				CURRENT_PROJECT_VERSION = 1;
				DEVELOPMENT_ASSET_PATHS = "\"lotus/Preview Content\"";
				ENABLE_PREVIEWS = YES;
				GENERATE_INFOPLIST_FILE = YES;
				INFOPLIST_KEY_UIApplicationSceneManifest_Generation = YES;
				INFOPLIST_KEY_UIApplicationSupportsIndirectInputEvents = YES;
				INFOPLIST_KEY_UILaunchScreen_Generation = YES;
				INFOPLIST_KEY_UISupportedInterfaceOrientations_iPad = "UIInterfaceOrientationPortrait UIInterfaceOrientationPortraitUpsideDown UIInterfaceOrientationLandscapeLeft UIInterfaceOrientationLandscapeRight";
				INFOPLIST_KEY_UISupportedInterfaceOrientations_iPhone = "UIInterfaceOrientationPortrait UIInterfaceOrientationLandscapeLeft UIInterfaceOrientationLandscapeRight";
				LD_RUNPATH_SEARCH_PATHS = (
					"$(inherited)",
					"@executable_path/Frameworks",
				);
				MARKETING_VERSION = 1.0;
				PRODUCT_BUNDLE_IDENTIFIER = lotus.lotus;
				PRODUCT_NAME = "$(TARGET_NAME)";
				SWIFT_EMIT_LOC_STRINGS = YES;
				SWIFT_VERSION = 5.0;
				TARGETED_DEVICE_FAMILY = "1,2";
			};
			name = Release;
		};
		7036E8D229E88ECA00F00D3C /* Debug */ = {
			isa = XCBuildConfiguration;
			baseConfigurationReference = 050F87C55CDBEB5ED290DF35 /* Pods-lotusTests.debug.xcconfig */;
			buildSettings = {
				ALWAYS_EMBED_SWIFT_STANDARD_LIBRARIES = YES;
				BUNDLE_LOADER = "$(TEST_HOST)";
				CODE_SIGN_STYLE = Automatic;
				CURRENT_PROJECT_VERSION = 1;
				GENERATE_INFOPLIST_FILE = YES;
				IPHONEOS_DEPLOYMENT_TARGET = 16.2;
				MARKETING_VERSION = 1.0;
				PRODUCT_BUNDLE_IDENTIFIER = lotus.lotusTests;
				PRODUCT_NAME = "$(TARGET_NAME)";
				SWIFT_EMIT_LOC_STRINGS = NO;
				SWIFT_VERSION = 5.0;
				TARGETED_DEVICE_FAMILY = "1,2";
				TEST_HOST = "$(BUILT_PRODUCTS_DIR)/lotus.app/$(BUNDLE_EXECUTABLE_FOLDER_PATH)/lotus";
			};
			name = Debug;
		};
		7036E8D329E88ECA00F00D3C /* Release */ = {
			isa = XCBuildConfiguration;
			baseConfigurationReference = 1AF9FE92C9884215346D7AAB /* Pods-lotusTests.release.xcconfig */;
			buildSettings = {
				ALWAYS_EMBED_SWIFT_STANDARD_LIBRARIES = YES;
				BUNDLE_LOADER = "$(TEST_HOST)";
				CODE_SIGN_STYLE = Automatic;
				CURRENT_PROJECT_VERSION = 1;
				GENERATE_INFOPLIST_FILE = YES;
				IPHONEOS_DEPLOYMENT_TARGET = 16.2;
				MARKETING_VERSION = 1.0;
				PRODUCT_BUNDLE_IDENTIFIER = lotus.lotusTests;
				PRODUCT_NAME = "$(TARGET_NAME)";
				SWIFT_EMIT_LOC_STRINGS = NO;
				SWIFT_VERSION = 5.0;
				TARGETED_DEVICE_FAMILY = "1,2";
				TEST_HOST = "$(BUILT_PRODUCTS_DIR)/lotus.app/$(BUNDLE_EXECUTABLE_FOLDER_PATH)/lotus";
			};
			name = Release;
		};
		7036E8D529E88ECA00F00D3C /* Debug */ = {
			isa = XCBuildConfiguration;
			baseConfigurationReference = 6F34ED06D89A8DD0E969FEAA /* Pods-lotus-lotusUITests.debug.xcconfig */;
			buildSettings = {
				ALWAYS_EMBED_SWIFT_STANDARD_LIBRARIES = YES;
				CODE_SIGN_STYLE = Automatic;
				CURRENT_PROJECT_VERSION = 1;
				GENERATE_INFOPLIST_FILE = YES;
				MARKETING_VERSION = 1.0;
				PRODUCT_BUNDLE_IDENTIFIER = lotus.lotusUITests;
				PRODUCT_NAME = "$(TARGET_NAME)";
				SWIFT_EMIT_LOC_STRINGS = NO;
				SWIFT_VERSION = 5.0;
				TARGETED_DEVICE_FAMILY = "1,2";
				TEST_TARGET_NAME = lotus;
			};
			name = Debug;
		};
		7036E8D629E88ECA00F00D3C /* Release */ = {
			isa = XCBuildConfiguration;
			baseConfigurationReference = 44E66C24D6F09B47D5D1E590 /* Pods-lotus-lotusUITests.release.xcconfig */;
			buildSettings = {
				ALWAYS_EMBED_SWIFT_STANDARD_LIBRARIES = YES;
				CODE_SIGN_STYLE = Automatic;
				CURRENT_PROJECT_VERSION = 1;
				GENERATE_INFOPLIST_FILE = YES;
				MARKETING_VERSION = 1.0;
				PRODUCT_BUNDLE_IDENTIFIER = lotus.lotusUITests;
				PRODUCT_NAME = "$(TARGET_NAME)";
				SWIFT_EMIT_LOC_STRINGS = NO;
				SWIFT_VERSION = 5.0;
				TARGETED_DEVICE_FAMILY = "1,2";
				TEST_TARGET_NAME = lotus;
			};
			name = Release;
		};
/* End XCBuildConfiguration section */

/* Begin XCConfigurationList section */
		7036E8A529E88EC800F00D3C /* Build configuration list for PBXProject "lotus" */ = {
			isa = XCConfigurationList;
			buildConfigurations = (
				7036E8CC29E88ECA00F00D3C /* Debug */,
				7036E8CD29E88ECA00F00D3C /* Release */,
			);
			defaultConfigurationIsVisible = 0;
			defaultConfigurationName = Release;
		};
		7036E8CE29E88ECA00F00D3C /* Build configuration list for PBXNativeTarget "lotus" */ = {
			isa = XCConfigurationList;
			buildConfigurations = (
				7036E8CF29E88ECA00F00D3C /* Debug */,
				7036E8D029E88ECA00F00D3C /* Release */,
			);
			defaultConfigurationIsVisible = 0;
			defaultConfigurationName = Release;
		};
		7036E8D129E88ECA00F00D3C /* Build configuration list for PBXNativeTarget "lotusTests" */ = {
			isa = XCConfigurationList;
			buildConfigurations = (
				7036E8D229E88ECA00F00D3C /* Debug */,
				7036E8D329E88ECA00F00D3C /* Release */,
			);
			defaultConfigurationIsVisible = 0;
			defaultConfigurationName = Release;
		};
		7036E8D429E88ECA00F00D3C /* Build configuration list for PBXNativeTarget "lotusUITests" */ = {
			isa = XCConfigurationList;
			buildConfigurations = (
				7036E8D529E88ECA00F00D3C /* Debug */,
				7036E8D629E88ECA00F00D3C /* Release */,
			);
			defaultConfigurationIsVisible = 0;
			defaultConfigurationName = Release;
		};
/* End XCConfigurationList section */
	};
	rootObject = 7036E8A229E88EC800F00D3C /* Project object */;
}
